// !$*UTF8*$!
{
	archiveVersion = 1;
	classes = {
	};
	objectVersion = 46;
	objects = {

/* Begin PBXBuildFile section */
		3FEFA8690E09D3C1FF3F0054 /* Pods.framework in Frameworks */ = {isa = PBXBuildFile; fileRef = 587B507B22657E0A06C21D13 /* Pods.framework */; };
		AD21CEB21C5D5AD600084813 /* ExpandableTableViewController.swift in Sources */ = {isa = PBXBuildFile; fileRef = AD21CEB11C5D5AD600084813 /* ExpandableTableViewController.swift */; };
		AD21CEB41C5D644400084813 /* ScheduleItem.swift in Sources */ = {isa = PBXBuildFile; fileRef = AD21CEB31C5D644400084813 /* ScheduleItem.swift */; };
		AD21CEB81C5D777F00084813 /* MUNStoreTableViewController.swift in Sources */ = {isa = PBXBuildFile; fileRef = AD21CEB71C5D777F00084813 /* MUNStoreTableViewController.swift */; };
		AD21CEBA1C5D77DB00084813 /* MerchProduct.swift in Sources */ = {isa = PBXBuildFile; fileRef = AD21CEB91C5D77DB00084813 /* MerchProduct.swift */; };
		AD21CEBD1C5DC1E000084813 /* MerchOrder.swift in Sources */ = {isa = PBXBuildFile; fileRef = AD21CEBC1C5DC1E000084813 /* MerchOrder.swift */; };
		AD21CEBF1C5DC30300084813 /* MUNStoreTableViewCell.swift in Sources */ = {isa = PBXBuildFile; fileRef = AD21CEBE1C5DC30300084813 /* MUNStoreTableViewCell.swift */; };
		AD21CEC11C5DCDDB00084813 /* PurchaseItemViewController.swift in Sources */ = {isa = PBXBuildFile; fileRef = AD21CEC01C5DCDDB00084813 /* PurchaseItemViewController.swift */; };
		AD21CEC31C63DAFD00084813 /* Committee.swift in Sources */ = {isa = PBXBuildFile; fileRef = AD21CEC21C63DAFD00084813 /* Committee.swift */; };
		AD21CEC51C63E6D300084813 /* CommitteesTableViewController.swift in Sources */ = {isa = PBXBuildFile; fileRef = AD21CEC41C63E6D300084813 /* CommitteesTableViewController.swift */; };
		AD21CEC71C63E80000084813 /* CommitteesTableViewCell.swift in Sources */ = {isa = PBXBuildFile; fileRef = AD21CEC61C63E80000084813 /* CommitteesTableViewCell.swift */; };
		AD21CED71C6D263F00084813 /* adhoc.png in Resources */ = {isa = PBXBuildFile; fileRef = AD21CEC81C6D263F00084813 /* adhoc.png */; };
		AD21CED81C6D263F00084813 /* colombia.png in Resources */ = {isa = PBXBuildFile; fileRef = AD21CEC91C6D263F00084813 /* colombia.png */; };
		AD21CED91C6D263F00084813 /* darkweb.png in Resources */ = {isa = PBXBuildFile; fileRef = AD21CECA1C6D263F00084813 /* darkweb.png */; };
		AD21CEDA1C6D263F00084813 /* disec.png in Resources */ = {isa = PBXBuildFile; fileRef = AD21CECB1C6D263F00084813 /* disec.png */; };
		AD21CEDB1C6D263F00084813 /* legal.png in Resources */ = {isa = PBXBuildFile; fileRef = AD21CECC1C6D263F00084813 /* legal.png */; };
		AD21CEDC1C6D263F00084813 /* marcos.png in Resources */ = {isa = PBXBuildFile; fileRef = AD21CECD1C6D263F00084813 /* marcos.png */; };
		AD21CEDD1C6D263F00084813 /* nfl.png in Resources */ = {isa = PBXBuildFile; fileRef = AD21CECE1C6D263F00084813 /* nfl.png */; };
		AD21CEDE1C6D263F00084813 /* obama.png in Resources */ = {isa = PBXBuildFile; fileRef = AD21CECF1C6D263F00084813 /* obama.png */; };
		AD21CEDF1C6D263F00084813 /* pilate.png in Resources */ = {isa = PBXBuildFile; fileRef = AD21CED01C6D263F00084813 /* pilate.png */; };
		AD21CEE01C6D263F00084813 /* redcliff.png in Resources */ = {isa = PBXBuildFile; fileRef = AD21CED11C6D263F00084813 /* redcliff.png */; };
		AD21CEE11C6D263F00084813 /* rhodesia.png in Resources */ = {isa = PBXBuildFile; fileRef = AD21CED21C6D263F00084813 /* rhodesia.png */; };
		AD21CEE21C6D263F00084813 /* unsc.png in Resources */ = {isa = PBXBuildFile; fileRef = AD21CED31C6D263F00084813 /* unsc.png */; };
		AD21CEE31C6D263F00084813 /* wsf.png in Resources */ = {isa = PBXBuildFile; fileRef = AD21CED41C6D263F00084813 /* wsf.png */; };
		AD21CEE41C6D263F00084813 /* zanu.png in Resources */ = {isa = PBXBuildFile; fileRef = AD21CED51C6D263F00084813 /* zanu.png */; };
		AD21CEE51C6D263F00084813 /* zapu.png in Resources */ = {isa = PBXBuildFile; fileRef = AD21CED61C6D263F00084813 /* zapu.png */; };
		AD21CEE71C7046C600084813 /* RulesProceduresViewController.swift in Sources */ = {isa = PBXBuildFile; fileRef = AD21CEE61C7046C600084813 /* RulesProceduresViewController.swift */; };
		AD21CEE91C70536900084813 /* HotelMapViewController.swift in Sources */ = {isa = PBXBuildFile; fileRef = AD21CEE81C70536900084813 /* HotelMapViewController.swift */; };
		AD21CEEB1C70570B00084813 /* floorplan.png in Resources */ = {isa = PBXBuildFile; fileRef = AD21CEEA1C70570B00084813 /* floorplan.png */; };
		AD21CEEF1C705B5100084813 /* HomePageTableViewController.swift in Sources */ = {isa = PBXBuildFile; fileRef = AD21CEEE1C705B5100084813 /* HomePageTableViewController.swift */; };
		AD21CEF21C705CBC00084813 /* NewsPostTableViewCell.swift in Sources */ = {isa = PBXBuildFile; fileRef = AD21CEF11C705CBC00084813 /* NewsPostTableViewCell.swift */; };
		AD21CEF41C705D6A00084813 /* NewsPost.swift in Sources */ = {isa = PBXBuildFile; fileRef = AD21CEF31C705D6A00084813 /* NewsPost.swift */; };
		AD50642F1C747B20008E7558 /* flag.png in Resources */ = {isa = PBXBuildFile; fileRef = AD50642E1C747B20008E7558 /* flag.png */; };
		AD5064311C74D3C5008E7558 /* StripePaymentViewController.swift in Sources */ = {isa = PBXBuildFile; fileRef = AD5064301C74D3C5008E7558 /* StripePaymentViewController.swift */; };
		AD5064331C7536B5008E7558 /* PaymentViewController.swift in Sources */ = {isa = PBXBuildFile; fileRef = AD5064321C7536B5008E7558 /* PaymentViewController.swift */; };
		AD5064351C754AFC008E7558 /* VenmoPaymentViewController.swift in Sources */ = {isa = PBXBuildFile; fileRef = AD5064341C754AFC008E7558 /* VenmoPaymentViewController.swift */; };
		AD5064371C75582E008E7558 /* DelegateHandbookViewController.swift in Sources */ = {isa = PBXBuildFile; fileRef = AD5064361C75582E008E7558 /* DelegateHandbookViewController.swift */; };
		AD50643E1C757F57008E7558 /* handbook.png in Resources */ = {isa = PBXBuildFile; fileRef = AD5064381C757F57008E7558 /* handbook.png */; };
		AD50643F1C757F57008E7558 /* rules.png in Resources */ = {isa = PBXBuildFile; fileRef = AD5064391C757F57008E7558 /* rules.png */; };
		AD5064401C757F57008E7558 /* contact.png in Resources */ = {isa = PBXBuildFile; fileRef = AD50643A1C757F57008E7558 /* contact.png */; };
		AD5064411C757F57008E7558 /* map.png in Resources */ = {isa = PBXBuildFile; fileRef = AD50643B1C757F57008E7558 /* map.png */; };
		AD5064421C757F57008E7558 /* committees.png in Resources */ = {isa = PBXBuildFile; fileRef = AD50643C1C757F57008E7558 /* committees.png */; };
		AD5064431C757F57008E7558 /* schedule.png in Resources */ = {isa = PBXBuildFile; fileRef = AD50643D1C757F57008E7558 /* schedule.png */; };
		AD5F2DA01C7479770088A7E0 /* downvote.png in Resources */ = {isa = PBXBuildFile; fileRef = AD5F2D9E1C7479770088A7E0 /* downvote.png */; };
		AD5F2DA11C7479770088A7E0 /* upvote.png in Resources */ = {isa = PBXBuildFile; fileRef = AD5F2D9F1C7479770088A7E0 /* upvote.png */; };
		AD8620321C2BFCED00C71C78 /* AppDelegate.swift in Sources */ = {isa = PBXBuildFile; fileRef = AD8620311C2BFCED00C71C78 /* AppDelegate.swift */; };
		AD8620361C2BFCED00C71C78 /* ResourcesViewController.swift in Sources */ = {isa = PBXBuildFile; fileRef = AD8620351C2BFCED00C71C78 /* ResourcesViewController.swift */; };
		AD8620391C2BFCED00C71C78 /* Main.storyboard in Resources */ = {isa = PBXBuildFile; fileRef = AD8620371C2BFCED00C71C78 /* Main.storyboard */; };
		AD86203B1C2BFCED00C71C78 /* Assets.xcassets in Resources */ = {isa = PBXBuildFile; fileRef = AD86203A1C2BFCED00C71C78 /* Assets.xcassets */; };
		AD86203E1C2BFCED00C71C78 /* LaunchScreen.storyboard in Resources */ = {isa = PBXBuildFile; fileRef = AD86203C1C2BFCED00C71C78 /* LaunchScreen.storyboard */; };
		AD8620491C2BFCED00C71C78 /* UCBMUNXXTests.swift in Sources */ = {isa = PBXBuildFile; fileRef = AD8620481C2BFCED00C71C78 /* UCBMUNXXTests.swift */; };
		AD8620541C2BFCED00C71C78 /* UCBMUNXXUITests.swift in Sources */ = {isa = PBXBuildFile; fileRef = AD8620531C2BFCED00C71C78 /* UCBMUNXXUITests.swift */; };
		AD8620621C2C5CB700C71C78 /* LoginViewController.swift in Sources */ = {isa = PBXBuildFile; fileRef = AD8620611C2C5CB700C71C78 /* LoginViewController.swift */; };
		AD8620671C2C5E2C00C71C78 /* ParseUI.framework in Frameworks */ = {isa = PBXBuildFile; fileRef = AD8620641C2C5E2C00C71C78 /* ParseUI.framework */; };
		AD8620681C2C5E2C00C71C78 /* Bolts.framework in Frameworks */ = {isa = PBXBuildFile; fileRef = AD8620651C2C5E2C00C71C78 /* Bolts.framework */; };
		AD8620691C2C5E2C00C71C78 /* Parse.framework in Frameworks */ = {isa = PBXBuildFile; fileRef = AD8620661C2C5E2C00C71C78 /* Parse.framework */; };
		AD86206B1C2C5E9100C71C78 /* AudioToolbox.framework in Frameworks */ = {isa = PBXBuildFile; fileRef = AD86206A1C2C5E9100C71C78 /* AudioToolbox.framework */; };
		AD86206D1C2C5E9B00C71C78 /* CFNetwork.framework in Frameworks */ = {isa = PBXBuildFile; fileRef = AD86206C1C2C5E9B00C71C78 /* CFNetwork.framework */; };
		AD86206F1C2C5EAB00C71C78 /* CoreGraphics.framework in Frameworks */ = {isa = PBXBuildFile; fileRef = AD86206E1C2C5EAB00C71C78 /* CoreGraphics.framework */; };
		AD8620711C2C5EB300C71C78 /* CoreLocation.framework in Frameworks */ = {isa = PBXBuildFile; fileRef = AD8620701C2C5EB300C71C78 /* CoreLocation.framework */; };
		AD8620731C2C5EBD00C71C78 /* MobileCoreServices.framework in Frameworks */ = {isa = PBXBuildFile; fileRef = AD8620721C2C5EBD00C71C78 /* MobileCoreServices.framework */; };
		AD8620751C2C5EC600C71C78 /* QuartzCore.framework in Frameworks */ = {isa = PBXBuildFile; fileRef = AD8620741C2C5EC600C71C78 /* QuartzCore.framework */; };
		AD8620771C2C5ECC00C71C78 /* Security.framework in Frameworks */ = {isa = PBXBuildFile; fileRef = AD8620761C2C5ECC00C71C78 /* Security.framework */; };
		AD8620791C2C5ED200C71C78 /* StoreKit.framework in Frameworks */ = {isa = PBXBuildFile; fileRef = AD8620781C2C5ED200C71C78 /* StoreKit.framework */; };
		AD86207B1C2C5ED900C71C78 /* SystemConfiguration.framework in Frameworks */ = {isa = PBXBuildFile; fileRef = AD86207A1C2C5ED900C71C78 /* SystemConfiguration.framework */; };
		AD86207D1C2C5EE700C71C78 /* libsqlite3.tbd in Frameworks */ = {isa = PBXBuildFile; fileRef = AD86207C1C2C5EE700C71C78 /* libsqlite3.tbd */; };
		AD86207F1C2C5EF100C71C78 /* libz.tbd in Frameworks */ = {isa = PBXBuildFile; fileRef = AD86207E1C2C5EF100C71C78 /* libz.tbd */; };
		AD8620821C2C5F6100C71C78 /* BridgingHeader.m in Sources */ = {isa = PBXBuildFile; fileRef = AD8620811C2C5F6100C71C78 /* BridgingHeader.m */; };
		AD8620841C2C61AB00C71C78 /* SignupViewController.swift in Sources */ = {isa = PBXBuildFile; fileRef = AD8620831C2C61AB00C71C78 /* SignupViewController.swift */; };
		AD8620861C2C7BE600C71C78 /* MUNChatPost.swift in Sources */ = {isa = PBXBuildFile; fileRef = AD8620851C2C7BE600C71C78 /* MUNChatPost.swift */; };
		AD8620881C2CF3C300C71C78 /* ComposePostViewController.swift in Sources */ = {isa = PBXBuildFile; fileRef = AD8620871C2CF3C300C71C78 /* ComposePostViewController.swift */; };
		AD86208A1C2DB72F00C71C78 /* MUNChatTableViewController.swift in Sources */ = {isa = PBXBuildFile; fileRef = AD8620891C2DB72F00C71C78 /* MUNChatTableViewController.swift */; };
		AD86208D1C2DB7ED00C71C78 /* MUNChatTableViewCell.swift in Sources */ = {isa = PBXBuildFile; fileRef = AD86208C1C2DB7ED00C71C78 /* MUNChatTableViewCell.swift */; };
		AD8620971C32558400C71C78 /* MUNChatReply.swift in Sources */ = {isa = PBXBuildFile; fileRef = AD8620961C32558400C71C78 /* MUNChatReply.swift */; };
		AD8620991C3312BC00C71C78 /* MUNChatRepliesTableViewController.swift in Sources */ = {isa = PBXBuildFile; fileRef = AD8620981C3312BC00C71C78 /* MUNChatRepliesTableViewController.swift */; };
		AD86209B1C33B23E00C71C78 /* FlagPostViewController.swift in Sources */ = {isa = PBXBuildFile; fileRef = AD86209A1C33B23E00C71C78 /* FlagPostViewController.swift */; };
		AD86209F1C34787000C71C78 /* Bugs.report in Resources */ = {isa = PBXBuildFile; fileRef = AD86209E1C34787000C71C78 /* Bugs.report */; };
		AD897CBD1C5B25BB00222462 /* ScheduleTableViewController.swift in Sources */ = {isa = PBXBuildFile; fileRef = AD897CBC1C5B25BB00222462 /* ScheduleTableViewController.swift */; };
		AD897CBF1C5B2A4A00222462 /* ScheduleTableViewCell.swift in Sources */ = {isa = PBXBuildFile; fileRef = AD897CBE1C5B2A4A00222462 /* ScheduleTableViewCell.swift */; };
		ADA415881C78151100DB166A /* photo-7.png in Resources */ = {isa = PBXBuildFile; fileRef = ADA415871C78151100DB166A /* photo-7.png */; };
		ADA4158A1C78151A00DB166A /* camera-7.png in Resources */ = {isa = PBXBuildFile; fileRef = ADA415891C78151A00DB166A /* camera-7.png */; };
		ADAE9A861C3864E800C2B532 /* ProfileViewController.swift in Sources */ = {isa = PBXBuildFile; fileRef = ADAE9A851C3864E800C2B532 /* ProfileViewController.swift */; };
		ADBB3A1A1C78D6F3007B7403 /* ResourceCell.swift in Sources */ = {isa = PBXBuildFile; fileRef = ADBB3A191C78D6F3007B7403 /* ResourceCell.swift */; };
		ADBE6D8E1C759B4000481901 /* ScheduleItemViewController.swift in Sources */ = {isa = PBXBuildFile; fileRef = ADBE6D8D1C759B4000481901 /* ScheduleItemViewController.swift */; };
		ADBE6D951C76603D00481901 /* info.png in Resources */ = {isa = PBXBuildFile; fileRef = ADBE6D911C76603D00481901 /* info.png */; };
		ADBE6D961C76603D00481901 /* home.png in Resources */ = {isa = PBXBuildFile; fileRef = ADBE6D921C76603D00481901 /* home.png */; };
		ADBE6D971C76603D00481901 /* munstore.png in Resources */ = {isa = PBXBuildFile; fileRef = ADBE6D931C76603D00481901 /* munstore.png */; };
		ADBE6D981C76603D00481901 /* munchat.png in Resources */ = {isa = PBXBuildFile; fileRef = ADBE6D941C76603D00481901 /* munchat.png */; };
		ADBE6D9A1C771ACA00481901 /* message-7.png in Resources */ = {isa = PBXBuildFile; fileRef = ADBE6D991C771ACA00481901 /* message-7.png */; };
		ADBE6D9C1C771B5800481901 /* tag-7.png in Resources */ = {isa = PBXBuildFile; fileRef = ADBE6D9B1C771B5800481901 /* tag-7.png */; };
		ADBE6D9E1C771B9000481901 /* wallet-7.png in Resources */ = {isa = PBXBuildFile; fileRef = ADBE6D9D1C771B9000481901 /* wallet-7.png */; };
		ADBE6DA01C771BAB00481901 /* shopping-cart-7.png in Resources */ = {isa = PBXBuildFile; fileRef = ADBE6D9F1C771BAB00481901 /* shopping-cart-7.png */; };
		ADBE6DA21C771BEF00481901 /* home-7.png in Resources */ = {isa = PBXBuildFile; fileRef = ADBE6DA11C771BEF00481901 /* home-7.png */; };
		ADBE6DA41C771C0000481901 /* flag-7.png in Resources */ = {isa = PBXBuildFile; fileRef = ADBE6DA31C771C0000481901 /* flag-7.png */; };
		ADBE6DA61C771CF600481901 /* square-individual-nine-7.png in Resources */ = {isa = PBXBuildFile; fileRef = ADBE6DA51C771CF600481901 /* square-individual-nine-7.png */; };
		ADBE6DA81C77977200481901 /* logo_blue.png in Resources */ = {isa = PBXBuildFile; fileRef = ADBE6DA71C77977200481901 /* logo_blue.png */; };
		ADBE6DAA1C77CE6900481901 /* note-write-7.png in Resources */ = {isa = PBXBuildFile; fileRef = ADBE6DA91C77CE6900481901 /* note-write-7.png */; };
		ADBE6DAC1C77CF2000481901 /* Pen-50.png in Resources */ = {isa = PBXBuildFile; fileRef = ADBE6DAB1C77CF2000481901 /* Pen-50.png */; };
/* End PBXBuildFile section */

/* Begin PBXContainerItemProxy section */
		AD8620451C2BFCED00C71C78 /* PBXContainerItemProxy */ = {
			isa = PBXContainerItemProxy;
			containerPortal = AD8620261C2BFCED00C71C78 /* Project object */;
			proxyType = 1;
			remoteGlobalIDString = AD86202D1C2BFCED00C71C78;
			remoteInfo = UCBMUNXX;
		};
		AD8620501C2BFCED00C71C78 /* PBXContainerItemProxy */ = {
			isa = PBXContainerItemProxy;
			containerPortal = AD8620261C2BFCED00C71C78 /* Project object */;
			proxyType = 1;
			remoteGlobalIDString = AD86202D1C2BFCED00C71C78;
			remoteInfo = UCBMUNXX;
		};
/* End PBXContainerItemProxy section */

/* Begin PBXFileReference section */
		587B507B22657E0A06C21D13 /* Pods.framework */ = {isa = PBXFileReference; explicitFileType = wrapper.framework; includeInIndex = 0; path = Pods.framework; sourceTree = BUILT_PRODUCTS_DIR; };
		70ED1FCD7914084C8D34550E /* Pods.release.xcconfig */ = {isa = PBXFileReference; includeInIndex = 1; lastKnownFileType = text.xcconfig; name = Pods.release.xcconfig; path = "Pods/Target Support Files/Pods/Pods.release.xcconfig"; sourceTree = "<group>"; };
		AD21CEB11C5D5AD600084813 /* ExpandableTableViewController.swift */ = {isa = PBXFileReference; fileEncoding = 4; lastKnownFileType = sourcecode.swift; path = ExpandableTableViewController.swift; sourceTree = "<group>"; };
		AD21CEB31C5D644400084813 /* ScheduleItem.swift */ = {isa = PBXFileReference; fileEncoding = 4; lastKnownFileType = sourcecode.swift; path = ScheduleItem.swift; sourceTree = "<group>"; };
		AD21CEB71C5D777F00084813 /* MUNStoreTableViewController.swift */ = {isa = PBXFileReference; fileEncoding = 4; lastKnownFileType = sourcecode.swift; path = MUNStoreTableViewController.swift; sourceTree = "<group>"; };
		AD21CEB91C5D77DB00084813 /* MerchProduct.swift */ = {isa = PBXFileReference; fileEncoding = 4; lastKnownFileType = sourcecode.swift; path = MerchProduct.swift; sourceTree = "<group>"; };
		AD21CEBC1C5DC1E000084813 /* MerchOrder.swift */ = {isa = PBXFileReference; fileEncoding = 4; lastKnownFileType = sourcecode.swift; path = MerchOrder.swift; sourceTree = "<group>"; };
		AD21CEBE1C5DC30300084813 /* MUNStoreTableViewCell.swift */ = {isa = PBXFileReference; fileEncoding = 4; lastKnownFileType = sourcecode.swift; path = MUNStoreTableViewCell.swift; sourceTree = "<group>"; };
		AD21CEC01C5DCDDB00084813 /* PurchaseItemViewController.swift */ = {isa = PBXFileReference; fileEncoding = 4; lastKnownFileType = sourcecode.swift; path = PurchaseItemViewController.swift; sourceTree = "<group>"; };
		AD21CEC21C63DAFD00084813 /* Committee.swift */ = {isa = PBXFileReference; fileEncoding = 4; lastKnownFileType = sourcecode.swift; path = Committee.swift; sourceTree = "<group>"; };
		AD21CEC41C63E6D300084813 /* CommitteesTableViewController.swift */ = {isa = PBXFileReference; fileEncoding = 4; lastKnownFileType = sourcecode.swift; path = CommitteesTableViewController.swift; sourceTree = "<group>"; };
		AD21CEC61C63E80000084813 /* CommitteesTableViewCell.swift */ = {isa = PBXFileReference; fileEncoding = 4; lastKnownFileType = sourcecode.swift; path = CommitteesTableViewCell.swift; sourceTree = "<group>"; };
		AD21CEC81C6D263F00084813 /* adhoc.png */ = {isa = PBXFileReference; lastKnownFileType = image.png; name = adhoc.png; path = ../../ucbmun_committee_android_squares/adhoc.png; sourceTree = "<group>"; };
		AD21CEC91C6D263F00084813 /* colombia.png */ = {isa = PBXFileReference; lastKnownFileType = image.png; name = colombia.png; path = ../../ucbmun_committee_android_squares/colombia.png; sourceTree = "<group>"; };
		AD21CECA1C6D263F00084813 /* darkweb.png */ = {isa = PBXFileReference; lastKnownFileType = image.png; name = darkweb.png; path = ../../ucbmun_committee_android_squares/darkweb.png; sourceTree = "<group>"; };
		AD21CECB1C6D263F00084813 /* disec.png */ = {isa = PBXFileReference; lastKnownFileType = image.png; name = disec.png; path = ../../ucbmun_committee_android_squares/disec.png; sourceTree = "<group>"; };
		AD21CECC1C6D263F00084813 /* legal.png */ = {isa = PBXFileReference; lastKnownFileType = image.png; name = legal.png; path = ../../ucbmun_committee_android_squares/legal.png; sourceTree = "<group>"; };
		AD21CECD1C6D263F00084813 /* marcos.png */ = {isa = PBXFileReference; lastKnownFileType = image.png; name = marcos.png; path = ../../ucbmun_committee_android_squares/marcos.png; sourceTree = "<group>"; };
		AD21CECE1C6D263F00084813 /* nfl.png */ = {isa = PBXFileReference; lastKnownFileType = image.png; name = nfl.png; path = ../../ucbmun_committee_android_squares/nfl.png; sourceTree = "<group>"; };
		AD21CECF1C6D263F00084813 /* obama.png */ = {isa = PBXFileReference; lastKnownFileType = image.png; name = obama.png; path = ../../ucbmun_committee_android_squares/obama.png; sourceTree = "<group>"; };
		AD21CED01C6D263F00084813 /* pilate.png */ = {isa = PBXFileReference; lastKnownFileType = image.png; name = pilate.png; path = ../../ucbmun_committee_android_squares/pilate.png; sourceTree = "<group>"; };
		AD21CED11C6D263F00084813 /* redcliff.png */ = {isa = PBXFileReference; lastKnownFileType = image.png; name = redcliff.png; path = ../../ucbmun_committee_android_squares/redcliff.png; sourceTree = "<group>"; };
		AD21CED21C6D263F00084813 /* rhodesia.png */ = {isa = PBXFileReference; lastKnownFileType = image.png; name = rhodesia.png; path = ../../ucbmun_committee_android_squares/rhodesia.png; sourceTree = "<group>"; };
		AD21CED31C6D263F00084813 /* unsc.png */ = {isa = PBXFileReference; lastKnownFileType = image.png; name = unsc.png; path = ../../ucbmun_committee_android_squares/unsc.png; sourceTree = "<group>"; };
		AD21CED41C6D263F00084813 /* wsf.png */ = {isa = PBXFileReference; lastKnownFileType = image.png; name = wsf.png; path = ../../ucbmun_committee_android_squares/wsf.png; sourceTree = "<group>"; };
		AD21CED51C6D263F00084813 /* zanu.png */ = {isa = PBXFileReference; lastKnownFileType = image.png; name = zanu.png; path = ../../ucbmun_committee_android_squares/zanu.png; sourceTree = "<group>"; };
		AD21CED61C6D263F00084813 /* zapu.png */ = {isa = PBXFileReference; lastKnownFileType = image.png; name = zapu.png; path = ../../ucbmun_committee_android_squares/zapu.png; sourceTree = "<group>"; };
		AD21CEE61C7046C600084813 /* RulesProceduresViewController.swift */ = {isa = PBXFileReference; fileEncoding = 4; lastKnownFileType = sourcecode.swift; path = RulesProceduresViewController.swift; sourceTree = "<group>"; };
		AD21CEE81C70536900084813 /* HotelMapViewController.swift */ = {isa = PBXFileReference; fileEncoding = 4; lastKnownFileType = sourcecode.swift; path = HotelMapViewController.swift; sourceTree = "<group>"; };
		AD21CEEA1C70570B00084813 /* floorplan.png */ = {isa = PBXFileReference; lastKnownFileType = image.png; name = floorplan.png; path = ../../floorplan.png; sourceTree = "<group>"; };
		AD21CEEE1C705B5100084813 /* HomePageTableViewController.swift */ = {isa = PBXFileReference; fileEncoding = 4; lastKnownFileType = sourcecode.swift; path = HomePageTableViewController.swift; sourceTree = "<group>"; };
		AD21CEF11C705CBC00084813 /* NewsPostTableViewCell.swift */ = {isa = PBXFileReference; fileEncoding = 4; lastKnownFileType = sourcecode.swift; path = NewsPostTableViewCell.swift; sourceTree = "<group>"; };
		AD21CEF31C705D6A00084813 /* NewsPost.swift */ = {isa = PBXFileReference; fileEncoding = 4; lastKnownFileType = sourcecode.swift; path = NewsPost.swift; sourceTree = "<group>"; };
		AD50642E1C747B20008E7558 /* flag.png */ = {isa = PBXFileReference; lastKnownFileType = image.png; name = flag.png; path = ../../../Downloads/flag.png; sourceTree = "<group>"; };
		AD5064301C74D3C5008E7558 /* StripePaymentViewController.swift */ = {isa = PBXFileReference; fileEncoding = 4; lastKnownFileType = sourcecode.swift; path = StripePaymentViewController.swift; sourceTree = "<group>"; };
		AD5064321C7536B5008E7558 /* PaymentViewController.swift */ = {isa = PBXFileReference; fileEncoding = 4; lastKnownFileType = sourcecode.swift; path = PaymentViewController.swift; sourceTree = "<group>"; };
		AD5064341C754AFC008E7558 /* VenmoPaymentViewController.swift */ = {isa = PBXFileReference; fileEncoding = 4; lastKnownFileType = sourcecode.swift; path = VenmoPaymentViewController.swift; sourceTree = "<group>"; };
		AD5064361C75582E008E7558 /* DelegateHandbookViewController.swift */ = {isa = PBXFileReference; fileEncoding = 4; lastKnownFileType = sourcecode.swift; path = DelegateHandbookViewController.swift; sourceTree = "<group>"; };
		AD5064381C757F57008E7558 /* handbook.png */ = {isa = PBXFileReference; lastKnownFileType = image.png; name = handbook.png; path = ../../../Downloads/handbook.png; sourceTree = "<group>"; };
		AD5064391C757F57008E7558 /* rules.png */ = {isa = PBXFileReference; lastKnownFileType = image.png; name = rules.png; path = ../../../Downloads/rules.png; sourceTree = "<group>"; };
		AD50643A1C757F57008E7558 /* contact.png */ = {isa = PBXFileReference; lastKnownFileType = image.png; name = contact.png; path = ../../../Downloads/contact.png; sourceTree = "<group>"; };
		AD50643B1C757F57008E7558 /* map.png */ = {isa = PBXFileReference; lastKnownFileType = image.png; name = map.png; path = ../../../Downloads/map.png; sourceTree = "<group>"; };
		AD50643C1C757F57008E7558 /* committees.png */ = {isa = PBXFileReference; lastKnownFileType = image.png; name = committees.png; path = ../../../Downloads/committees.png; sourceTree = "<group>"; };
		AD50643D1C757F57008E7558 /* schedule.png */ = {isa = PBXFileReference; lastKnownFileType = image.png; name = schedule.png; path = ../../../Downloads/schedule.png; sourceTree = "<group>"; };
		AD5F2D9E1C7479770088A7E0 /* downvote.png */ = {isa = PBXFileReference; lastKnownFileType = image.png; name = downvote.png; path = ../../../Downloads/downvote.png; sourceTree = "<group>"; };
		AD5F2D9F1C7479770088A7E0 /* upvote.png */ = {isa = PBXFileReference; lastKnownFileType = image.png; name = upvote.png; path = ../../../Downloads/upvote.png; sourceTree = "<group>"; };
		AD86202E1C2BFCED00C71C78 /* UCBMUNXX.app */ = {isa = PBXFileReference; explicitFileType = wrapper.application; includeInIndex = 0; path = UCBMUNXX.app; sourceTree = BUILT_PRODUCTS_DIR; };
		AD8620311C2BFCED00C71C78 /* AppDelegate.swift */ = {isa = PBXFileReference; lastKnownFileType = sourcecode.swift; path = AppDelegate.swift; sourceTree = "<group>"; };
		AD8620351C2BFCED00C71C78 /* ResourcesViewController.swift */ = {isa = PBXFileReference; lastKnownFileType = sourcecode.swift; path = ResourcesViewController.swift; sourceTree = "<group>"; };
		AD8620381C2BFCED00C71C78 /* Base */ = {isa = PBXFileReference; lastKnownFileType = file.storyboard; name = Base; path = Base.lproj/Main.storyboard; sourceTree = "<group>"; };
		AD86203A1C2BFCED00C71C78 /* Assets.xcassets */ = {isa = PBXFileReference; lastKnownFileType = folder.assetcatalog; path = Assets.xcassets; sourceTree = "<group>"; };
		AD86203D1C2BFCED00C71C78 /* Base */ = {isa = PBXFileReference; lastKnownFileType = file.storyboard; name = Base; path = Base.lproj/LaunchScreen.storyboard; sourceTree = "<group>"; };
		AD86203F1C2BFCED00C71C78 /* Info.plist */ = {isa = PBXFileReference; lastKnownFileType = text.plist.xml; path = Info.plist; sourceTree = "<group>"; };
		AD8620441C2BFCED00C71C78 /* UCBMUNXXTests.xctest */ = {isa = PBXFileReference; explicitFileType = wrapper.cfbundle; includeInIndex = 0; path = UCBMUNXXTests.xctest; sourceTree = BUILT_PRODUCTS_DIR; };
		AD8620481C2BFCED00C71C78 /* UCBMUNXXTests.swift */ = {isa = PBXFileReference; lastKnownFileType = sourcecode.swift; path = UCBMUNXXTests.swift; sourceTree = "<group>"; };
		AD86204A1C2BFCED00C71C78 /* Info.plist */ = {isa = PBXFileReference; lastKnownFileType = text.plist.xml; path = Info.plist; sourceTree = "<group>"; };
		AD86204F1C2BFCED00C71C78 /* UCBMUNXXUITests.xctest */ = {isa = PBXFileReference; explicitFileType = wrapper.cfbundle; includeInIndex = 0; path = UCBMUNXXUITests.xctest; sourceTree = BUILT_PRODUCTS_DIR; };
		AD8620531C2BFCED00C71C78 /* UCBMUNXXUITests.swift */ = {isa = PBXFileReference; lastKnownFileType = sourcecode.swift; path = UCBMUNXXUITests.swift; sourceTree = "<group>"; };
		AD8620551C2BFCED00C71C78 /* Info.plist */ = {isa = PBXFileReference; lastKnownFileType = text.plist.xml; path = Info.plist; sourceTree = "<group>"; };
		AD8620611C2C5CB700C71C78 /* LoginViewController.swift */ = {isa = PBXFileReference; fileEncoding = 4; lastKnownFileType = sourcecode.swift; path = LoginViewController.swift; sourceTree = "<group>"; };
		AD8620641C2C5E2C00C71C78 /* ParseUI.framework */ = {isa = PBXFileReference; lastKnownFileType = wrapper.framework; path = ParseUI.framework; sourceTree = "<group>"; };
		AD8620651C2C5E2C00C71C78 /* Bolts.framework */ = {isa = PBXFileReference; lastKnownFileType = wrapper.framework; path = Bolts.framework; sourceTree = "<group>"; };
		AD8620661C2C5E2C00C71C78 /* Parse.framework */ = {isa = PBXFileReference; lastKnownFileType = wrapper.framework; path = Parse.framework; sourceTree = "<group>"; };
		AD86206A1C2C5E9100C71C78 /* AudioToolbox.framework */ = {isa = PBXFileReference; lastKnownFileType = wrapper.framework; name = AudioToolbox.framework; path = System/Library/Frameworks/AudioToolbox.framework; sourceTree = SDKROOT; };
		AD86206C1C2C5E9B00C71C78 /* CFNetwork.framework */ = {isa = PBXFileReference; lastKnownFileType = wrapper.framework; name = CFNetwork.framework; path = System/Library/Frameworks/CFNetwork.framework; sourceTree = SDKROOT; };
		AD86206E1C2C5EAB00C71C78 /* CoreGraphics.framework */ = {isa = PBXFileReference; lastKnownFileType = wrapper.framework; name = CoreGraphics.framework; path = System/Library/Frameworks/CoreGraphics.framework; sourceTree = SDKROOT; };
		AD8620701C2C5EB300C71C78 /* CoreLocation.framework */ = {isa = PBXFileReference; lastKnownFileType = wrapper.framework; name = CoreLocation.framework; path = System/Library/Frameworks/CoreLocation.framework; sourceTree = SDKROOT; };
		AD8620721C2C5EBD00C71C78 /* MobileCoreServices.framework */ = {isa = PBXFileReference; lastKnownFileType = wrapper.framework; name = MobileCoreServices.framework; path = System/Library/Frameworks/MobileCoreServices.framework; sourceTree = SDKROOT; };
		AD8620741C2C5EC600C71C78 /* QuartzCore.framework */ = {isa = PBXFileReference; lastKnownFileType = wrapper.framework; name = QuartzCore.framework; path = System/Library/Frameworks/QuartzCore.framework; sourceTree = SDKROOT; };
		AD8620761C2C5ECC00C71C78 /* Security.framework */ = {isa = PBXFileReference; lastKnownFileType = wrapper.framework; name = Security.framework; path = System/Library/Frameworks/Security.framework; sourceTree = SDKROOT; };
		AD8620781C2C5ED200C71C78 /* StoreKit.framework */ = {isa = PBXFileReference; lastKnownFileType = wrapper.framework; name = StoreKit.framework; path = System/Library/Frameworks/StoreKit.framework; sourceTree = SDKROOT; };
		AD86207A1C2C5ED900C71C78 /* SystemConfiguration.framework */ = {isa = PBXFileReference; lastKnownFileType = wrapper.framework; name = SystemConfiguration.framework; path = System/Library/Frameworks/SystemConfiguration.framework; sourceTree = SDKROOT; };
		AD86207C1C2C5EE700C71C78 /* libsqlite3.tbd */ = {isa = PBXFileReference; lastKnownFileType = "sourcecode.text-based-dylib-definition"; name = libsqlite3.tbd; path = usr/lib/libsqlite3.tbd; sourceTree = SDKROOT; };
		AD86207E1C2C5EF100C71C78 /* libz.tbd */ = {isa = PBXFileReference; lastKnownFileType = "sourcecode.text-based-dylib-definition"; name = libz.tbd; path = usr/lib/libz.tbd; sourceTree = SDKROOT; };
		AD8620801C2C5F6000C71C78 /* UCBMUNXX-Bridging-Header.h */ = {isa = PBXFileReference; lastKnownFileType = sourcecode.c.h; path = "UCBMUNXX-Bridging-Header.h"; sourceTree = "<group>"; };
		AD8620811C2C5F6100C71C78 /* BridgingHeader.m */ = {isa = PBXFileReference; fileEncoding = 4; lastKnownFileType = sourcecode.c.objc; path = BridgingHeader.m; sourceTree = "<group>"; };
		AD8620831C2C61AB00C71C78 /* SignupViewController.swift */ = {isa = PBXFileReference; fileEncoding = 4; lastKnownFileType = sourcecode.swift; path = SignupViewController.swift; sourceTree = "<group>"; };
		AD8620851C2C7BE600C71C78 /* MUNChatPost.swift */ = {isa = PBXFileReference; fileEncoding = 4; lastKnownFileType = sourcecode.swift; path = MUNChatPost.swift; sourceTree = "<group>"; };
		AD8620871C2CF3C300C71C78 /* ComposePostViewController.swift */ = {isa = PBXFileReference; fileEncoding = 4; lastKnownFileType = sourcecode.swift; path = ComposePostViewController.swift; sourceTree = "<group>"; };
		AD8620891C2DB72F00C71C78 /* MUNChatTableViewController.swift */ = {isa = PBXFileReference; fileEncoding = 4; lastKnownFileType = sourcecode.swift; path = MUNChatTableViewController.swift; sourceTree = "<group>"; };
		AD86208C1C2DB7ED00C71C78 /* MUNChatTableViewCell.swift */ = {isa = PBXFileReference; fileEncoding = 4; lastKnownFileType = sourcecode.swift; path = MUNChatTableViewCell.swift; sourceTree = "<group>"; };
		AD8620961C32558400C71C78 /* MUNChatReply.swift */ = {isa = PBXFileReference; fileEncoding = 4; lastKnownFileType = sourcecode.swift; path = MUNChatReply.swift; sourceTree = "<group>"; };
		AD8620981C3312BC00C71C78 /* MUNChatRepliesTableViewController.swift */ = {isa = PBXFileReference; fileEncoding = 4; lastKnownFileType = sourcecode.swift; path = MUNChatRepliesTableViewController.swift; sourceTree = "<group>"; };
		AD86209A1C33B23E00C71C78 /* FlagPostViewController.swift */ = {isa = PBXFileReference; fileEncoding = 4; lastKnownFileType = sourcecode.swift; path = FlagPostViewController.swift; sourceTree = "<group>"; };
		AD86209E1C34787000C71C78 /* Bugs.report */ = {isa = PBXFileReference; fileEncoding = 4; lastKnownFileType = text; path = Bugs.report; sourceTree = "<group>"; };
		AD897CBC1C5B25BB00222462 /* ScheduleTableViewController.swift */ = {isa = PBXFileReference; fileEncoding = 4; lastKnownFileType = sourcecode.swift; path = ScheduleTableViewController.swift; sourceTree = "<group>"; };
		AD897CBE1C5B2A4A00222462 /* ScheduleTableViewCell.swift */ = {isa = PBXFileReference; fileEncoding = 4; lastKnownFileType = sourcecode.swift; path = ScheduleTableViewCell.swift; sourceTree = "<group>"; };
		ADA415871C78151100DB166A /* photo-7.png */ = {isa = PBXFileReference; lastKnownFileType = image.png; path = "photo-7.png"; sourceTree = "<group>"; };
		ADA415891C78151A00DB166A /* camera-7.png */ = {isa = PBXFileReference; lastKnownFileType = image.png; path = "camera-7.png"; sourceTree = "<group>"; };
		ADAE9A851C3864E800C2B532 /* ProfileViewController.swift */ = {isa = PBXFileReference; fileEncoding = 4; lastKnownFileType = sourcecode.swift; path = ProfileViewController.swift; sourceTree = "<group>"; };
		ADBB3A191C78D6F3007B7403 /* ResourceCell.swift */ = {isa = PBXFileReference; fileEncoding = 4; lastKnownFileType = sourcecode.swift; path = ResourceCell.swift; sourceTree = "<group>"; };
		ADBE6D8D1C759B4000481901 /* ScheduleItemViewController.swift */ = {isa = PBXFileReference; fileEncoding = 4; lastKnownFileType = sourcecode.swift; path = ScheduleItemViewController.swift; sourceTree = "<group>"; };
		ADBE6D911C76603D00481901 /* info.png */ = {isa = PBXFileReference; lastKnownFileType = image.png; path = info.png; sourceTree = "<group>"; };
		ADBE6D921C76603D00481901 /* home.png */ = {isa = PBXFileReference; lastKnownFileType = image.png; path = home.png; sourceTree = "<group>"; };
		ADBE6D931C76603D00481901 /* munstore.png */ = {isa = PBXFileReference; lastKnownFileType = image.png; path = munstore.png; sourceTree = "<group>"; };
		ADBE6D941C76603D00481901 /* munchat.png */ = {isa = PBXFileReference; lastKnownFileType = image.png; path = munchat.png; sourceTree = "<group>"; };
		ADBE6D991C771ACA00481901 /* message-7.png */ = {isa = PBXFileReference; lastKnownFileType = image.png; path = "message-7.png"; sourceTree = "<group>"; };
		ADBE6D9B1C771B5800481901 /* tag-7.png */ = {isa = PBXFileReference; lastKnownFileType = image.png; path = "tag-7.png"; sourceTree = "<group>"; };
		ADBE6D9D1C771B9000481901 /* wallet-7.png */ = {isa = PBXFileReference; lastKnownFileType = image.png; path = "wallet-7.png"; sourceTree = "<group>"; };
		ADBE6D9F1C771BAB00481901 /* shopping-cart-7.png */ = {isa = PBXFileReference; lastKnownFileType = image.png; path = "shopping-cart-7.png"; sourceTree = "<group>"; };
		ADBE6DA11C771BEF00481901 /* home-7.png */ = {isa = PBXFileReference; lastKnownFileType = image.png; path = "home-7.png"; sourceTree = "<group>"; };
		ADBE6DA31C771C0000481901 /* flag-7.png */ = {isa = PBXFileReference; lastKnownFileType = image.png; path = "flag-7.png"; sourceTree = "<group>"; };
		ADBE6DA51C771CF600481901 /* square-individual-nine-7.png */ = {isa = PBXFileReference; lastKnownFileType = image.png; path = "square-individual-nine-7.png"; sourceTree = "<group>"; };
		ADBE6DA71C77977200481901 /* logo_blue.png */ = {isa = PBXFileReference; lastKnownFileType = image.png; path = logo_blue.png; sourceTree = "<group>"; };
		ADBE6DA91C77CE6900481901 /* note-write-7.png */ = {isa = PBXFileReference; lastKnownFileType = image.png; path = "note-write-7.png"; sourceTree = "<group>"; };
		ADBE6DAB1C77CF2000481901 /* Pen-50.png */ = {isa = PBXFileReference; lastKnownFileType = image.png; path = "Pen-50.png"; sourceTree = "<group>"; };
		F2531B943DCB6CBC8A7B4FB3 /* Pods.debug.xcconfig */ = {isa = PBXFileReference; includeInIndex = 1; lastKnownFileType = text.xcconfig; name = Pods.debug.xcconfig; path = "Pods/Target Support Files/Pods/Pods.debug.xcconfig"; sourceTree = "<group>"; };
/* End PBXFileReference section */

/* Begin PBXFrameworksBuildPhase section */
		AD86202B1C2BFCED00C71C78 /* Frameworks */ = {
			isa = PBXFrameworksBuildPhase;
			buildActionMask = 2147483647;
			files = (
				AD86207F1C2C5EF100C71C78 /* libz.tbd in Frameworks */,
				AD86207D1C2C5EE700C71C78 /* libsqlite3.tbd in Frameworks */,
				AD86207B1C2C5ED900C71C78 /* SystemConfiguration.framework in Frameworks */,
				AD8620791C2C5ED200C71C78 /* StoreKit.framework in Frameworks */,
				AD8620771C2C5ECC00C71C78 /* Security.framework in Frameworks */,
				AD8620751C2C5EC600C71C78 /* QuartzCore.framework in Frameworks */,
				AD8620731C2C5EBD00C71C78 /* MobileCoreServices.framework in Frameworks */,
				AD8620711C2C5EB300C71C78 /* CoreLocation.framework in Frameworks */,
				AD86206F1C2C5EAB00C71C78 /* CoreGraphics.framework in Frameworks */,
				AD86206D1C2C5E9B00C71C78 /* CFNetwork.framework in Frameworks */,
				AD86206B1C2C5E9100C71C78 /* AudioToolbox.framework in Frameworks */,
				AD8620671C2C5E2C00C71C78 /* ParseUI.framework in Frameworks */,
				AD8620691C2C5E2C00C71C78 /* Parse.framework in Frameworks */,
				AD8620681C2C5E2C00C71C78 /* Bolts.framework in Frameworks */,
				3FEFA8690E09D3C1FF3F0054 /* Pods.framework in Frameworks */,
			);
			runOnlyForDeploymentPostprocessing = 0;
		};
		AD8620411C2BFCED00C71C78 /* Frameworks */ = {
			isa = PBXFrameworksBuildPhase;
			buildActionMask = 2147483647;
			files = (
			);
			runOnlyForDeploymentPostprocessing = 0;
		};
		AD86204C1C2BFCED00C71C78 /* Frameworks */ = {
			isa = PBXFrameworksBuildPhase;
			buildActionMask = 2147483647;
			files = (
			);
			runOnlyForDeploymentPostprocessing = 0;
		};
/* End PBXFrameworksBuildPhase section */

/* Begin PBXGroup section */
		3B0C58AE0BF66FA5DE8D5501 /* Pods */ = {
			isa = PBXGroup;
			children = (
				F2531B943DCB6CBC8A7B4FB3 /* Pods.debug.xcconfig */,
				70ED1FCD7914084C8D34550E /* Pods.release.xcconfig */,
			);
			name = Pods;
			sourceTree = "<group>";
		};
		AD21CEBB1C5DC18D00084813 /* MUNStore */ = {
			isa = PBXGroup;
			children = (
				AD5064301C74D3C5008E7558 /* StripePaymentViewController.swift */,
				AD21CEC01C5DCDDB00084813 /* PurchaseItemViewController.swift */,
				AD21CEB71C5D777F00084813 /* MUNStoreTableViewController.swift */,
				AD21CEBE1C5DC30300084813 /* MUNStoreTableViewCell.swift */,
				AD21CEB91C5D77DB00084813 /* MerchProduct.swift */,
				AD21CEBC1C5DC1E000084813 /* MerchOrder.swift */,
				AD5064321C7536B5008E7558 /* PaymentViewController.swift */,
				AD5064341C754AFC008E7558 /* VenmoPaymentViewController.swift */,
			);
			name = MUNStore;
			sourceTree = "<group>";
		};
		AD21CEF01C705C5A00084813 /* Home */ = {
			isa = PBXGroup;
			children = (
				AD21CEEE1C705B5100084813 /* HomePageTableViewController.swift */,
				AD21CEF11C705CBC00084813 /* NewsPostTableViewCell.swift */,
				AD21CEF31C705D6A00084813 /* NewsPost.swift */,
			);
			name = Home;
			sourceTree = "<group>";
		};
		AD5F2D9B1C743F340088A7E0 /* Resources */ = {
			isa = PBXGroup;
			children = (
				AD5F2D9D1C743FF90088A7E0 /* Committees */,
				AD5F2D9C1C743FC00088A7E0 /* Schedule */,
				AD21CEB11C5D5AD600084813 /* ExpandableTableViewController.swift */,
				ADBB3A171C78D6A7007B7403 /* Single Pages */,
				ADBB3A181C78D6CF007B7403 /* Resources */,
			);
			name = Resources;
			sourceTree = "<group>";
		};
		AD5F2D9C1C743FC00088A7E0 /* Schedule */ = {
			isa = PBXGroup;
			children = (
				AD897CBE1C5B2A4A00222462 /* ScheduleTableViewCell.swift */,
				AD21CEB31C5D644400084813 /* ScheduleItem.swift */,
				AD897CBC1C5B25BB00222462 /* ScheduleTableViewController.swift */,
				ADBE6D8D1C759B4000481901 /* ScheduleItemViewController.swift */,
			);
			name = Schedule;
			sourceTree = "<group>";
		};
		AD5F2D9D1C743FF90088A7E0 /* Committees */ = {
			isa = PBXGroup;
			children = (
				AD21CEC21C63DAFD00084813 /* Committee.swift */,
				AD21CEC61C63E80000084813 /* CommitteesTableViewCell.swift */,
				AD21CEC41C63E6D300084813 /* CommitteesTableViewController.swift */,
			);
			name = Committees;
			sourceTree = "<group>";
		};
		AD8620251C2BFCED00C71C78 = {
			isa = PBXGroup;
			children = (
				AD8620301C2BFCED00C71C78 /* UCBMUNXX */,
				AD8620471C2BFCED00C71C78 /* UCBMUNXXTests */,
				AD8620521C2BFCED00C71C78 /* UCBMUNXXUITests */,
				AD86202F1C2BFCED00C71C78 /* Products */,
				3B0C58AE0BF66FA5DE8D5501 /* Pods */,
				F3CB4C0DB01358612EAD11BA /* Frameworks */,
			);
			sourceTree = "<group>";
		};
		AD86202F1C2BFCED00C71C78 /* Products */ = {
			isa = PBXGroup;
			children = (
				AD86202E1C2BFCED00C71C78 /* UCBMUNXX.app */,
				AD8620441C2BFCED00C71C78 /* UCBMUNXXTests.xctest */,
				AD86204F1C2BFCED00C71C78 /* UCBMUNXXUITests.xctest */,
			);
			name = Products;
			sourceTree = "<group>";
		};
		AD8620301C2BFCED00C71C78 /* UCBMUNXX */ = {
			isa = PBXGroup;
			children = (
				AD21CEEA1C70570B00084813 /* floorplan.png */,
				AD21CEC81C6D263F00084813 /* adhoc.png */,
				AD21CEC91C6D263F00084813 /* colombia.png */,
				ADBE6D911C76603D00481901 /* info.png */,
				ADBE6D921C76603D00481901 /* home.png */,
				ADBE6D931C76603D00481901 /* munstore.png */,
				ADBE6DA71C77977200481901 /* logo_blue.png */,
				ADBE6D941C76603D00481901 /* munchat.png */,
				AD21CECA1C6D263F00084813 /* darkweb.png */,
				AD21CECB1C6D263F00084813 /* disec.png */,
				AD21CECC1C6D263F00084813 /* legal.png */,
				AD21CECD1C6D263F00084813 /* marcos.png */,
				AD21CECE1C6D263F00084813 /* nfl.png */,
				AD21CECF1C6D263F00084813 /* obama.png */,
				AD21CED01C6D263F00084813 /* pilate.png */,
				AD21CED11C6D263F00084813 /* redcliff.png */,
				AD21CED21C6D263F00084813 /* rhodesia.png */,
				ADA415891C78151A00DB166A /* camera-7.png */,
				ADA415871C78151100DB166A /* photo-7.png */,
				AD21CED31C6D263F00084813 /* unsc.png */,
				AD5064381C757F57008E7558 /* handbook.png */,
				AD5064391C757F57008E7558 /* rules.png */,
				ADBE6DA11C771BEF00481901 /* home-7.png */,
				AD50643A1C757F57008E7558 /* contact.png */,
				ADBE6D9D1C771B9000481901 /* wallet-7.png */,
				ADBE6DA31C771C0000481901 /* flag-7.png */,
				ADBE6D9B1C771B5800481901 /* tag-7.png */,
				ADBE6D9F1C771BAB00481901 /* shopping-cart-7.png */,
				ADBE6DA51C771CF600481901 /* square-individual-nine-7.png */,
				AD50643B1C757F57008E7558 /* map.png */,
				ADBE6D991C771ACA00481901 /* message-7.png */,
				AD50643C1C757F57008E7558 /* committees.png */,
				AD50643D1C757F57008E7558 /* schedule.png */,
				AD5F2D9E1C7479770088A7E0 /* downvote.png */,
				AD50642E1C747B20008E7558 /* flag.png */,
				AD5F2D9F1C7479770088A7E0 /* upvote.png */,
				AD21CED41C6D263F00084813 /* wsf.png */,
				ADBE6DAB1C77CF2000481901 /* Pen-50.png */,
				AD21CED51C6D263F00084813 /* zanu.png */,
				ADBE6DA91C77CE6900481901 /* note-write-7.png */,
				AD21CED61C6D263F00084813 /* zapu.png */,
				AD8620311C2BFCED00C71C78 /* AppDelegate.swift */,
				AD8620631C2C5D8700C71C78 /* Frameworks */,
				AD8620371C2BFCED00C71C78 /* Main.storyboard */,
				AD21CEBB1C5DC18D00084813 /* MUNStore */,
				AD5F2D9B1C743F340088A7E0 /* Resources */,
				AD21CEF01C705C5A00084813 /* Home */,
				AD86209E1C34787000C71C78 /* Bugs.report */,
				AD86208B1C2DB73600C71C78 /* MUNChat */,
				ADAE9A841C3864BF00C2B532 /* Profile/Registration */,
				AD86203A1C2BFCED00C71C78 /* Assets.xcassets */,
				AD86203C1C2BFCED00C71C78 /* LaunchScreen.storyboard */,
				AD86203F1C2BFCED00C71C78 /* Info.plist */,
				AD8620811C2C5F6100C71C78 /* BridgingHeader.m */,
				AD8620801C2C5F6000C71C78 /* UCBMUNXX-Bridging-Header.h */,
			);
			path = UCBMUNXX;
			sourceTree = "<group>";
		};
		AD8620471C2BFCED00C71C78 /* UCBMUNXXTests */ = {
			isa = PBXGroup;
			children = (
				AD8620481C2BFCED00C71C78 /* UCBMUNXXTests.swift */,
				AD86204A1C2BFCED00C71C78 /* Info.plist */,
			);
			path = UCBMUNXXTests;
			sourceTree = "<group>";
		};
		AD8620521C2BFCED00C71C78 /* UCBMUNXXUITests */ = {
			isa = PBXGroup;
			children = (
				AD8620531C2BFCED00C71C78 /* UCBMUNXXUITests.swift */,
				AD8620551C2BFCED00C71C78 /* Info.plist */,
			);
			path = UCBMUNXXUITests;
			sourceTree = "<group>";
		};
		AD8620631C2C5D8700C71C78 /* Frameworks */ = {
			isa = PBXGroup;
			children = (
				AD86207E1C2C5EF100C71C78 /* libz.tbd */,
				AD86207C1C2C5EE700C71C78 /* libsqlite3.tbd */,
				AD86207A1C2C5ED900C71C78 /* SystemConfiguration.framework */,
				AD8620781C2C5ED200C71C78 /* StoreKit.framework */,
				AD8620761C2C5ECC00C71C78 /* Security.framework */,
				AD8620741C2C5EC600C71C78 /* QuartzCore.framework */,
				AD8620721C2C5EBD00C71C78 /* MobileCoreServices.framework */,
				AD8620701C2C5EB300C71C78 /* CoreLocation.framework */,
				AD86206E1C2C5EAB00C71C78 /* CoreGraphics.framework */,
				AD86206C1C2C5E9B00C71C78 /* CFNetwork.framework */,
				AD86206A1C2C5E9100C71C78 /* AudioToolbox.framework */,
				AD8620641C2C5E2C00C71C78 /* ParseUI.framework */,
				AD8620651C2C5E2C00C71C78 /* Bolts.framework */,
				AD8620661C2C5E2C00C71C78 /* Parse.framework */,
			);
			name = Frameworks;
			sourceTree = "<group>";
		};
		AD86208B1C2DB73600C71C78 /* MUNChat */ = {
			isa = PBXGroup;
			children = (
				AD86208C1C2DB7ED00C71C78 /* MUNChatTableViewCell.swift */,
				AD8620891C2DB72F00C71C78 /* MUNChatTableViewController.swift */,
				AD8620981C3312BC00C71C78 /* MUNChatRepliesTableViewController.swift */,
				AD8620871C2CF3C300C71C78 /* ComposePostViewController.swift */,
				AD8620851C2C7BE600C71C78 /* MUNChatPost.swift */,
				AD8620961C32558400C71C78 /* MUNChatReply.swift */,
				AD86209A1C33B23E00C71C78 /* FlagPostViewController.swift */,
			);
			name = MUNChat;
			sourceTree = "<group>";
		};
		ADAE9A841C3864BF00C2B532 /* Profile/Registration */ = {
			isa = PBXGroup;
			children = (
				AD8620831C2C61AB00C71C78 /* SignupViewController.swift */,
				AD8620611C2C5CB700C71C78 /* LoginViewController.swift */,
				ADAE9A851C3864E800C2B532 /* ProfileViewController.swift */,
			);
			name = Profile/Registration;
			sourceTree = "<group>";
		};
		ADBB3A171C78D6A7007B7403 /* Single Pages */ = {
			isa = PBXGroup;
			children = (
				AD5064361C75582E008E7558 /* DelegateHandbookViewController.swift */,
				AD21CEE81C70536900084813 /* HotelMapViewController.swift */,
				AD21CEE61C7046C600084813 /* RulesProceduresViewController.swift */,
			);
			name = "Single Pages";
			sourceTree = "<group>";
		};
		ADBB3A181C78D6CF007B7403 /* Resources */ = {
			isa = PBXGroup;
			children = (
				AD8620351C2BFCED00C71C78 /* ResourcesViewController.swift */,
				ADBB3A191C78D6F3007B7403 /* ResourceCell.swift */,
			);
			name = Resources;
			sourceTree = "<group>";
		};
		F3CB4C0DB01358612EAD11BA /* Frameworks */ = {
			isa = PBXGroup;
			children = (
				587B507B22657E0A06C21D13 /* Pods.framework */,
			);
			name = Frameworks;
			sourceTree = "<group>";
		};
/* End PBXGroup section */

/* Begin PBXNativeTarget section */
		AD86202D1C2BFCED00C71C78 /* UCBMUNXX */ = {
			isa = PBXNativeTarget;
			buildConfigurationList = AD8620581C2BFCED00C71C78 /* Build configuration list for PBXNativeTarget "UCBMUNXX" */;
			buildPhases = (
				8489410DF3D0C314D37E4253 /* Check Pods Manifest.lock */,
				AD86202A1C2BFCED00C71C78 /* Sources */,
				AD86202B1C2BFCED00C71C78 /* Frameworks */,
				AD86202C1C2BFCED00C71C78 /* Resources */,
				6904664865696E4387FEAAFE /* Embed Pods Frameworks */,
				A59AB3EC11BBDF2E17A65129 /* Copy Pods Resources */,
			);
			buildRules = (
			);
			dependencies = (
			);
			name = UCBMUNXX;
			productName = UCBMUNXX;
			productReference = AD86202E1C2BFCED00C71C78 /* UCBMUNXX.app */;
			productType = "com.apple.product-type.application";
		};
		AD8620431C2BFCED00C71C78 /* UCBMUNXXTests */ = {
			isa = PBXNativeTarget;
			buildConfigurationList = AD86205B1C2BFCED00C71C78 /* Build configuration list for PBXNativeTarget "UCBMUNXXTests" */;
			buildPhases = (
				AD8620401C2BFCED00C71C78 /* Sources */,
				AD8620411C2BFCED00C71C78 /* Frameworks */,
				AD8620421C2BFCED00C71C78 /* Resources */,
			);
			buildRules = (
			);
			dependencies = (
				AD8620461C2BFCED00C71C78 /* PBXTargetDependency */,
			);
			name = UCBMUNXXTests;
			productName = UCBMUNXXTests;
			productReference = AD8620441C2BFCED00C71C78 /* UCBMUNXXTests.xctest */;
			productType = "com.apple.product-type.bundle.unit-test";
		};
		AD86204E1C2BFCED00C71C78 /* UCBMUNXXUITests */ = {
			isa = PBXNativeTarget;
			buildConfigurationList = AD86205E1C2BFCED00C71C78 /* Build configuration list for PBXNativeTarget "UCBMUNXXUITests" */;
			buildPhases = (
				AD86204B1C2BFCED00C71C78 /* Sources */,
				AD86204C1C2BFCED00C71C78 /* Frameworks */,
				AD86204D1C2BFCED00C71C78 /* Resources */,
			);
			buildRules = (
			);
			dependencies = (
				AD8620511C2BFCED00C71C78 /* PBXTargetDependency */,
			);
			name = UCBMUNXXUITests;
			productName = UCBMUNXXUITests;
			productReference = AD86204F1C2BFCED00C71C78 /* UCBMUNXXUITests.xctest */;
			productType = "com.apple.product-type.bundle.ui-testing";
		};
/* End PBXNativeTarget section */

/* Begin PBXProject section */
		AD8620261C2BFCED00C71C78 /* Project object */ = {
			isa = PBXProject;
			attributes = {
				LastSwiftUpdateCheck = 0720;
				LastUpgradeCheck = 0720;
				ORGANIZATIONNAME = "Steven Chen";
				TargetAttributes = {
					AD86202D1C2BFCED00C71C78 = {
						CreatedOnToolsVersion = 7.2;
					};
					AD8620431C2BFCED00C71C78 = {
						CreatedOnToolsVersion = 7.2;
						TestTargetID = AD86202D1C2BFCED00C71C78;
					};
					AD86204E1C2BFCED00C71C78 = {
						CreatedOnToolsVersion = 7.2;
						TestTargetID = AD86202D1C2BFCED00C71C78;
					};
				};
			};
			buildConfigurationList = AD8620291C2BFCED00C71C78 /* Build configuration list for PBXProject "UCBMUNXX" */;
			compatibilityVersion = "Xcode 3.2";
			developmentRegion = English;
			hasScannedForEncodings = 0;
			knownRegions = (
				en,
				Base,
			);
			mainGroup = AD8620251C2BFCED00C71C78;
			productRefGroup = AD86202F1C2BFCED00C71C78 /* Products */;
			projectDirPath = "";
			projectRoot = "";
			targets = (
				AD86202D1C2BFCED00C71C78 /* UCBMUNXX */,
				AD8620431C2BFCED00C71C78 /* UCBMUNXXTests */,
				AD86204E1C2BFCED00C71C78 /* UCBMUNXXUITests */,
			);
		};
/* End PBXProject section */

/* Begin PBXResourcesBuildPhase section */
		AD86202C1C2BFCED00C71C78 /* Resources */ = {
			isa = PBXResourcesBuildPhase;
			buildActionMask = 2147483647;
			files = (
				AD5064411C757F57008E7558 /* map.png in Resources */,
				AD86203E1C2BFCED00C71C78 /* LaunchScreen.storyboard in Resources */,
				AD21CEDF1C6D263F00084813 /* pilate.png in Resources */,
				AD21CEE01C6D263F00084813 /* redcliff.png in Resources */,
				ADBE6D981C76603D00481901 /* munchat.png in Resources */,
				ADBE6D9A1C771ACA00481901 /* message-7.png in Resources */,
				ADBE6D961C76603D00481901 /* home.png in Resources */,
				AD5F2DA01C7479770088A7E0 /* downvote.png in Resources */,
				ADBE6D9C1C771B5800481901 /* tag-7.png in Resources */,
				AD21CED81C6D263F00084813 /* colombia.png in Resources */,
				AD21CEE21C6D263F00084813 /* unsc.png in Resources */,
				AD21CEDB1C6D263F00084813 /* legal.png in Resources */,
				AD50643F1C757F57008E7558 /* rules.png in Resources */,
				AD50642F1C747B20008E7558 /* flag.png in Resources */,
				AD21CEDD1C6D263F00084813 /* nfl.png in Resources */,
				AD21CEDE1C6D263F00084813 /* obama.png in Resources */,
				ADBE6DAC1C77CF2000481901 /* Pen-50.png in Resources */,
				AD86203B1C2BFCED00C71C78 /* Assets.xcassets in Resources */,
				AD86209F1C34787000C71C78 /* Bugs.report in Resources */,
				ADBE6DA41C771C0000481901 /* flag-7.png in Resources */,
				ADA415881C78151100DB166A /* photo-7.png in Resources */,
				ADBE6D951C76603D00481901 /* info.png in Resources */,
				AD21CEE11C6D263F00084813 /* rhodesia.png in Resources */,
				ADBE6D971C76603D00481901 /* munstore.png in Resources */,
				AD21CEE41C6D263F00084813 /* zanu.png in Resources */,
				AD21CEE51C6D263F00084813 /* zapu.png in Resources */,
				AD5064401C757F57008E7558 /* contact.png in Resources */,
				ADBE6DA81C77977200481901 /* logo_blue.png in Resources */,
				AD21CEDA1C6D263F00084813 /* disec.png in Resources */,
				AD21CEDC1C6D263F00084813 /* marcos.png in Resources */,
				AD8620391C2BFCED00C71C78 /* Main.storyboard in Resources */,
				ADA4158A1C78151A00DB166A /* camera-7.png in Resources */,
				AD21CEE31C6D263F00084813 /* wsf.png in Resources */,
				AD21CEEB1C70570B00084813 /* floorplan.png in Resources */,
				ADBE6DA21C771BEF00481901 /* home-7.png in Resources */,
				AD5064421C757F57008E7558 /* committees.png in Resources */,
				ADBE6DA61C771CF600481901 /* square-individual-nine-7.png in Resources */,
				AD21CED91C6D263F00084813 /* darkweb.png in Resources */,
				ADBE6D9E1C771B9000481901 /* wallet-7.png in Resources */,
				AD50643E1C757F57008E7558 /* handbook.png in Resources */,
				ADBE6DAA1C77CE6900481901 /* note-write-7.png in Resources */,
				AD5064431C757F57008E7558 /* schedule.png in Resources */,
				ADBE6DA01C771BAB00481901 /* shopping-cart-7.png in Resources */,
				AD5F2DA11C7479770088A7E0 /* upvote.png in Resources */,
				AD21CED71C6D263F00084813 /* adhoc.png in Resources */,
			);
			runOnlyForDeploymentPostprocessing = 0;
		};
		AD8620421C2BFCED00C71C78 /* Resources */ = {
			isa = PBXResourcesBuildPhase;
			buildActionMask = 2147483647;
			files = (
			);
			runOnlyForDeploymentPostprocessing = 0;
		};
		AD86204D1C2BFCED00C71C78 /* Resources */ = {
			isa = PBXResourcesBuildPhase;
			buildActionMask = 2147483647;
			files = (
			);
			runOnlyForDeploymentPostprocessing = 0;
		};
/* End PBXResourcesBuildPhase section */

/* Begin PBXShellScriptBuildPhase section */
		6904664865696E4387FEAAFE /* Embed Pods Frameworks */ = {
			isa = PBXShellScriptBuildPhase;
			buildActionMask = 2147483647;
			files = (
			);
			inputPaths = (
			);
			name = "Embed Pods Frameworks";
			outputPaths = (
			);
			runOnlyForDeploymentPostprocessing = 0;
			shellPath = /bin/sh;
			shellScript = "\"${SRCROOT}/Pods/Target Support Files/Pods/Pods-frameworks.sh\"\n";
			showEnvVarsInLog = 0;
		};
		8489410DF3D0C314D37E4253 /* Check Pods Manifest.lock */ = {
			isa = PBXShellScriptBuildPhase;
			buildActionMask = 2147483647;
			files = (
			);
			inputPaths = (
			);
			name = "Check Pods Manifest.lock";
			outputPaths = (
			);
			runOnlyForDeploymentPostprocessing = 0;
			shellPath = /bin/sh;
			shellScript = "diff \"${PODS_ROOT}/../Podfile.lock\" \"${PODS_ROOT}/Manifest.lock\" > /dev/null\nif [[ $? != 0 ]] ; then\n    cat << EOM\nerror: The sandbox is not in sync with the Podfile.lock. Run 'pod install' or update your CocoaPods installation.\nEOM\n    exit 1\nfi\n";
			showEnvVarsInLog = 0;
		};
		A59AB3EC11BBDF2E17A65129 /* Copy Pods Resources */ = {
			isa = PBXShellScriptBuildPhase;
			buildActionMask = 2147483647;
			files = (
			);
			inputPaths = (
			);
			name = "Copy Pods Resources";
			outputPaths = (
			);
			runOnlyForDeploymentPostprocessing = 0;
			shellPath = /bin/sh;
			shellScript = "\"${SRCROOT}/Pods/Target Support Files/Pods/Pods-resources.sh\"\n";
			showEnvVarsInLog = 0;
		};
/* End PBXShellScriptBuildPhase section */

/* Begin PBXSourcesBuildPhase section */
		AD86202A1C2BFCED00C71C78 /* Sources */ = {
			isa = PBXSourcesBuildPhase;
			buildActionMask = 2147483647;
			files = (
				AD21CEC51C63E6D300084813 /* CommitteesTableViewController.swift in Sources */,
				ADBB3A1A1C78D6F3007B7403 /* ResourceCell.swift in Sources */,
				AD897CBD1C5B25BB00222462 /* ScheduleTableViewController.swift in Sources */,
				AD21CEC31C63DAFD00084813 /* Committee.swift in Sources */,
				AD5064311C74D3C5008E7558 /* StripePaymentViewController.swift in Sources */,
				ADBE6D8E1C759B4000481901 /* ScheduleItemViewController.swift in Sources */,
				AD21CEB21C5D5AD600084813 /* ExpandableTableViewController.swift in Sources */,
				AD21CEBF1C5DC30300084813 /* MUNStoreTableViewCell.swift in Sources */,
				AD8620841C2C61AB00C71C78 /* SignupViewController.swift in Sources */,
				AD8620991C3312BC00C71C78 /* MUNChatRepliesTableViewController.swift in Sources */,
				AD21CEC71C63E80000084813 /* CommitteesTableViewCell.swift in Sources */,
				AD21CEBD1C5DC1E000084813 /* MerchOrder.swift in Sources */,
				AD21CEB81C5D777F00084813 /* MUNStoreTableViewController.swift in Sources */,
				AD21CEBA1C5D77DB00084813 /* MerchProduct.swift in Sources */,
				AD8620621C2C5CB700C71C78 /* LoginViewController.swift in Sources */,
				AD8620361C2BFCED00C71C78 /* ResourcesViewController.swift in Sources */,
				AD8620861C2C7BE600C71C78 /* MUNChatPost.swift in Sources */,
				AD8620821C2C5F6100C71C78 /* BridgingHeader.m in Sources */,
				AD21CEC11C5DCDDB00084813 /* PurchaseItemViewController.swift in Sources */,
				AD86209B1C33B23E00C71C78 /* FlagPostViewController.swift in Sources */,
				AD8620881C2CF3C300C71C78 /* ComposePostViewController.swift in Sources */,
				AD5064331C7536B5008E7558 /* PaymentViewController.swift in Sources */,
				AD86208D1C2DB7ED00C71C78 /* MUNChatTableViewCell.swift in Sources */,
				AD21CEEF1C705B5100084813 /* HomePageTableViewController.swift in Sources */,
				AD897CBF1C5B2A4A00222462 /* ScheduleTableViewCell.swift in Sources */,
				AD5064371C75582E008E7558 /* DelegateHandbookViewController.swift in Sources */,
				AD21CEF41C705D6A00084813 /* NewsPost.swift in Sources */,
				AD8620321C2BFCED00C71C78 /* AppDelegate.swift in Sources */,
				AD86208A1C2DB72F00C71C78 /* MUNChatTableViewController.swift in Sources */,
				ADAE9A861C3864E800C2B532 /* ProfileViewController.swift in Sources */,
				AD21CEF21C705CBC00084813 /* NewsPostTableViewCell.swift in Sources */,
				AD5064351C754AFC008E7558 /* VenmoPaymentViewController.swift in Sources */,
				AD8620971C32558400C71C78 /* MUNChatReply.swift in Sources */,
				AD21CEE91C70536900084813 /* HotelMapViewController.swift in Sources */,
				AD21CEE71C7046C600084813 /* RulesProceduresViewController.swift in Sources */,
				AD21CEB41C5D644400084813 /* ScheduleItem.swift in Sources */,
			);
			runOnlyForDeploymentPostprocessing = 0;
		};
		AD8620401C2BFCED00C71C78 /* Sources */ = {
			isa = PBXSourcesBuildPhase;
			buildActionMask = 2147483647;
			files = (
				AD8620491C2BFCED00C71C78 /* UCBMUNXXTests.swift in Sources */,
			);
			runOnlyForDeploymentPostprocessing = 0;
		};
		AD86204B1C2BFCED00C71C78 /* Sources */ = {
			isa = PBXSourcesBuildPhase;
			buildActionMask = 2147483647;
			files = (
				AD8620541C2BFCED00C71C78 /* UCBMUNXXUITests.swift in Sources */,
			);
			runOnlyForDeploymentPostprocessing = 0;
		};
/* End PBXSourcesBuildPhase section */

/* Begin PBXTargetDependency section */
		AD8620461C2BFCED00C71C78 /* PBXTargetDependency */ = {
			isa = PBXTargetDependency;
			target = AD86202D1C2BFCED00C71C78 /* UCBMUNXX */;
			targetProxy = AD8620451C2BFCED00C71C78 /* PBXContainerItemProxy */;
		};
		AD8620511C2BFCED00C71C78 /* PBXTargetDependency */ = {
			isa = PBXTargetDependency;
			target = AD86202D1C2BFCED00C71C78 /* UCBMUNXX */;
			targetProxy = AD8620501C2BFCED00C71C78 /* PBXContainerItemProxy */;
		};
/* End PBXTargetDependency section */

/* Begin PBXVariantGroup section */
		AD8620371C2BFCED00C71C78 /* Main.storyboard */ = {
			isa = PBXVariantGroup;
			children = (
				AD8620381C2BFCED00C71C78 /* Base */,
			);
			name = Main.storyboard;
			sourceTree = "<group>";
		};
		AD86203C1C2BFCED00C71C78 /* LaunchScreen.storyboard */ = {
			isa = PBXVariantGroup;
			children = (
				AD86203D1C2BFCED00C71C78 /* Base */,
			);
			name = LaunchScreen.storyboard;
			sourceTree = "<group>";
		};
/* End PBXVariantGroup section */

/* Begin XCBuildConfiguration section */
		AD8620561C2BFCED00C71C78 /* Debug */ = {
			isa = XCBuildConfiguration;
			buildSettings = {
				ALWAYS_SEARCH_USER_PATHS = NO;
				CLANG_CXX_LANGUAGE_STANDARD = "gnu++0x";
				CLANG_CXX_LIBRARY = "libc++";
				CLANG_ENABLE_MODULES = YES;
				CLANG_ENABLE_OBJC_ARC = YES;
				CLANG_WARN_BOOL_CONVERSION = YES;
				CLANG_WARN_CONSTANT_CONVERSION = YES;
				CLANG_WARN_DIRECT_OBJC_ISA_USAGE = YES_ERROR;
				CLANG_WARN_EMPTY_BODY = YES;
				CLANG_WARN_ENUM_CONVERSION = YES;
				CLANG_WARN_INT_CONVERSION = YES;
				CLANG_WARN_OBJC_ROOT_CLASS = YES_ERROR;
				CLANG_WARN_UNREACHABLE_CODE = YES;
				CLANG_WARN__DUPLICATE_METHOD_MATCH = YES;
				"CODE_SIGN_IDENTITY[sdk=iphoneos*]" = "iPhone Developer";
				COPY_PHASE_STRIP = NO;
				DEBUG_INFORMATION_FORMAT = dwarf;
				ENABLE_STRICT_OBJC_MSGSEND = YES;
				ENABLE_TESTABILITY = YES;
				GCC_C_LANGUAGE_STANDARD = gnu99;
				GCC_DYNAMIC_NO_PIC = NO;
				GCC_NO_COMMON_BLOCKS = YES;
				GCC_OPTIMIZATION_LEVEL = 0;
				GCC_PREPROCESSOR_DEFINITIONS = (
					"DEBUG=1",
					"$(inherited)",
				);
				GCC_WARN_64_TO_32_BIT_CONVERSION = YES;
				GCC_WARN_ABOUT_RETURN_TYPE = YES_ERROR;
				GCC_WARN_UNDECLARED_SELECTOR = YES;
				GCC_WARN_UNINITIALIZED_AUTOS = YES_AGGRESSIVE;
				GCC_WARN_UNUSED_FUNCTION = YES;
				GCC_WARN_UNUSED_VARIABLE = YES;
				IPHONEOS_DEPLOYMENT_TARGET = 9.2;
				MTL_ENABLE_DEBUG_INFO = YES;
				ONLY_ACTIVE_ARCH = YES;
				SDKROOT = iphoneos;
				SWIFT_OPTIMIZATION_LEVEL = "-Onone";
				TARGETED_DEVICE_FAMILY = "1,2";
			};
			name = Debug;
		};
		AD8620571C2BFCED00C71C78 /* Release */ = {
			isa = XCBuildConfiguration;
			buildSettings = {
				ALWAYS_SEARCH_USER_PATHS = NO;
				CLANG_CXX_LANGUAGE_STANDARD = "gnu++0x";
				CLANG_CXX_LIBRARY = "libc++";
				CLANG_ENABLE_MODULES = YES;
				CLANG_ENABLE_OBJC_ARC = YES;
				CLANG_WARN_BOOL_CONVERSION = YES;
				CLANG_WARN_CONSTANT_CONVERSION = YES;
				CLANG_WARN_DIRECT_OBJC_ISA_USAGE = YES_ERROR;
				CLANG_WARN_EMPTY_BODY = YES;
				CLANG_WARN_ENUM_CONVERSION = YES;
				CLANG_WARN_INT_CONVERSION = YES;
				CLANG_WARN_OBJC_ROOT_CLASS = YES_ERROR;
				CLANG_WARN_UNREACHABLE_CODE = YES;
				CLANG_WARN__DUPLICATE_METHOD_MATCH = YES;
				"CODE_SIGN_IDENTITY[sdk=iphoneos*]" = "iPhone Developer";
				COPY_PHASE_STRIP = NO;
				DEBUG_INFORMATION_FORMAT = "dwarf-with-dsym";
				ENABLE_NS_ASSERTIONS = NO;
				ENABLE_STRICT_OBJC_MSGSEND = YES;
				GCC_C_LANGUAGE_STANDARD = gnu99;
				GCC_NO_COMMON_BLOCKS = YES;
				GCC_WARN_64_TO_32_BIT_CONVERSION = YES;
				GCC_WARN_ABOUT_RETURN_TYPE = YES_ERROR;
				GCC_WARN_UNDECLARED_SELECTOR = YES;
				GCC_WARN_UNINITIALIZED_AUTOS = YES_AGGRESSIVE;
				GCC_WARN_UNUSED_FUNCTION = YES;
				GCC_WARN_UNUSED_VARIABLE = YES;
				IPHONEOS_DEPLOYMENT_TARGET = 9.2;
				MTL_ENABLE_DEBUG_INFO = NO;
				SDKROOT = iphoneos;
				TARGETED_DEVICE_FAMILY = "1,2";
				VALIDATE_PRODUCT = YES;
			};
			name = Release;
		};
		AD8620591C2BFCED00C71C78 /* Debug */ = {
			isa = XCBuildConfiguration;
			baseConfigurationReference = F2531B943DCB6CBC8A7B4FB3 /* Pods.debug.xcconfig */;
			buildSettings = {
				ASSETCATALOG_COMPILER_APPICON_NAME = AppIcon;
				CLANG_ENABLE_MODULES = YES;
				FRAMEWORK_SEARCH_PATHS = (
					"$(inherited)",
					"$(PROJECT_DIR)/UCBMUNXX",
				);
				INFOPLIST_FILE = UCBMUNXX/Info.plist;
				LD_RUNPATH_SEARCH_PATHS = "$(inherited) @executable_path/Frameworks";
				PRODUCT_BUNDLE_IDENTIFIER = ucbmun.UCBMUNXX;
				PRODUCT_NAME = "$(TARGET_NAME)";
				SWIFT_OBJC_BRIDGING_HEADER = "UCBMUNXX/UCBMUNXX-Bridging-Header.h";
				SWIFT_OPTIMIZATION_LEVEL = "-Onone";
			};
			name = Debug;
		};
		AD86205A1C2BFCED00C71C78 /* Release */ = {
			isa = XCBuildConfiguration;
			baseConfigurationReference = 70ED1FCD7914084C8D34550E /* Pods.release.xcconfig */;
			buildSettings = {
				ASSETCATALOG_COMPILER_APPICON_NAME = AppIcon;
				CLANG_ENABLE_MODULES = YES;
				FRAMEWORK_SEARCH_PATHS = (
					"$(inherited)",
					"$(PROJECT_DIR)/UCBMUNXX",
				);
				INFOPLIST_FILE = UCBMUNXX/Info.plist;
				LD_RUNPATH_SEARCH_PATHS = "$(inherited) @executable_path/Frameworks";
				PRODUCT_BUNDLE_IDENTIFIER = ucbmun.UCBMUNXX;
				PRODUCT_NAME = "$(TARGET_NAME)";
				SWIFT_OBJC_BRIDGING_HEADER = "UCBMUNXX/UCBMUNXX-Bridging-Header.h";
			};
			name = Release;
		};
		AD86205C1C2BFCED00C71C78 /* Debug */ = {
			isa = XCBuildConfiguration;
			buildSettings = {
				BUNDLE_LOADER = "$(TEST_HOST)";
				INFOPLIST_FILE = UCBMUNXXTests/Info.plist;
				LD_RUNPATH_SEARCH_PATHS = "$(inherited) @executable_path/Frameworks @loader_path/Frameworks";
				PRODUCT_BUNDLE_IDENTIFIER = ucbmun.UCBMUNXXTests;
				PRODUCT_NAME = "$(TARGET_NAME)";
				TEST_HOST = "$(BUILT_PRODUCTS_DIR)/UCBMUNXX.app/UCBMUNXX";
			};
			name = Debug;
		};
		AD86205D1C2BFCED00C71C78 /* Release */ = {
			isa = XCBuildConfiguration;
			buildSettings = {
				BUNDLE_LOADER = "$(TEST_HOST)";
				INFOPLIST_FILE = UCBMUNXXTests/Info.plist;
				LD_RUNPATH_SEARCH_PATHS = "$(inherited) @executable_path/Frameworks @loader_path/Frameworks";
				PRODUCT_BUNDLE_IDENTIFIER = ucbmun.UCBMUNXXTests;
				PRODUCT_NAME = "$(TARGET_NAME)";
				TEST_HOST = "$(BUILT_PRODUCTS_DIR)/UCBMUNXX.app/UCBMUNXX";
			};
			name = Release;
		};
		AD86205F1C2BFCED00C71C78 /* Debug */ = {
			isa = XCBuildConfiguration;
			buildSettings = {
				INFOPLIST_FILE = UCBMUNXXUITests/Info.plist;
				LD_RUNPATH_SEARCH_PATHS = "$(inherited) @executable_path/Frameworks @loader_path/Frameworks";
				PRODUCT_BUNDLE_IDENTIFIER = ucbmun.UCBMUNXXUITests;
				PRODUCT_NAME = "$(TARGET_NAME)";
				TEST_TARGET_NAME = UCBMUNXX;
				USES_XCTRUNNER = YES;
			};
			name = Debug;
		};
		AD8620601C2BFCED00C71C78 /* Release */ = {
			isa = XCBuildConfiguration;
			buildSettings = {
				INFOPLIST_FILE = UCBMUNXXUITests/Info.plist;
				LD_RUNPATH_SEARCH_PATHS = "$(inherited) @executable_path/Frameworks @loader_path/Frameworks";
				PRODUCT_BUNDLE_IDENTIFIER = ucbmun.UCBMUNXXUITests;
				PRODUCT_NAME = "$(TARGET_NAME)";
				TEST_TARGET_NAME = UCBMUNXX;
				USES_XCTRUNNER = YES;
			};
			name = Release;
		};
/* End XCBuildConfiguration section */

/* Begin XCConfigurationList section */
		AD8620291C2BFCED00C71C78 /* Build configuration list for PBXProject "UCBMUNXX" */ = {
			isa = XCConfigurationList;
			buildConfigurations = (
				AD8620561C2BFCED00C71C78 /* Debug */,
				AD8620571C2BFCED00C71C78 /* Release */,
			);
			defaultConfigurationIsVisible = 0;
			defaultConfigurationName = Release;
		};
		AD8620581C2BFCED00C71C78 /* Build configuration list for PBXNativeTarget "UCBMUNXX" */ = {
			isa = XCConfigurationList;
			buildConfigurations = (
				AD8620591C2BFCED00C71C78 /* Debug */,
				AD86205A1C2BFCED00C71C78 /* Release */,
			);
			defaultConfigurationIsVisible = 0;
			defaultConfigurationName = Release;
		};
		AD86205B1C2BFCED00C71C78 /* Build configuration list for PBXNativeTarget "UCBMUNXXTests" */ = {
			isa = XCConfigurationList;
			buildConfigurations = (
				AD86205C1C2BFCED00C71C78 /* Debug */,
				AD86205D1C2BFCED00C71C78 /* Release */,
			);
			defaultConfigurationIsVisible = 0;
			defaultConfigurationName = Release;
		};
		AD86205E1C2BFCED00C71C78 /* Build configuration list for PBXNativeTarget "UCBMUNXXUITests" */ = {
			isa = XCConfigurationList;
			buildConfigurations = (
				AD86205F1C2BFCED00C71C78 /* Debug */,
				AD8620601C2BFCED00C71C78 /* Release */,
			);
			defaultConfigurationIsVisible = 0;
			defaultConfigurationName = Release;
		};
/* End XCConfigurationList section */
	};
	rootObject = AD8620261C2BFCED00C71C78 /* Project object */;
}
